hash: 18924544309314359b53f32771203cfa39c5987a3f9571a364341ee77020899f
updated: 2018-11-01T19:19:35.245501131+01:00
imports:
- name: github.com/stretchr/testify
  version: f35b8ab0b5a2cef36673838d662e249dd9c94686
- name: gopkg.in/yaml.v2
  version: 1be3d31502d6eabc0dd7ce5b0daab022e14a5538
testImports: []
